
Microsoft Visual Studio Solution File, Format Version 12.00
# Visual Studio Version 16
VisualStudioVersion = 16.0.29920.165
MinimumVisualStudioVersion = 10.0.40219.1
Project("{FAE04EC0-301F-11D3-BF4B-00C04F79EFBC}") = "FormBehavior", "FormBehavior\FormBehavior.csproj", "{0F0D1765-3C32-4B21-9003-CE0B97B86176}"
EndProject
Global
	GlobalSection(SolutionConfigurationPlatforms) = preSolution
		Debug|Any CPU = Debug|Any CPU
		Release|Any CPU = Release|Any CPU
	EndGlobalSection
	GlobalSection(ProjectConfigurationPlatforms) = postSolution
		{0F0D1765-3C32-4B21-9003-CE0B97B86176}.Debug|Any CPU.ActiveCfg = Debug|Any CPU
		{0F0D1765-3C32-4B21-9003-CE0B97B86176}.Debug|Any CPU.Build.0 = Debug|Any CPU
		{0F0D1765-3C32-4B21-9003-CE0B97B86176}.Release|Any CPU.ActiveCfg = Release|Any CPU
		{0F0D1765-3C32-4B21-9003-CE0B97B86176}.Release|Any CPU.Build.0 = Release|Any CPU
	EndGlobalSection
	GlobalSection(SolutionProperties) = preSolution
		HideSolutionNode = FALSE
	EndGlobalSection
	GlobalSection(ExtensibilityGlobals) = postSolution
		SolutionGuid = {BFD59A63-1950-462C-827B-DE399B67B5B0}
	EndGlobalSection
EndGlobal
